{
  "name": "lambda",
  "version": "1.0.0",
  "lockfileVersion": 2,
  "requires": true,
  "packages": {
    "": {
      "name": "lambda",
      "version": "1.0.0",
      "license": "MIT",
      "dependencies": {
        "lite-utils": "0.0.1"
      }
    },
    "node_modules/lite-utils": {
      "version": "0.0.1",
      "resolved": "https://registry.npmjs.org/lite-utils/-/lite-utils-0.0.1.tgz",
      "integrity": "sha512-6Sa6gpcj5ZNL3jqUGUf+b5v6HDvLdgefl6uky5ew5W0P5Sj+VlxkSF9uYzzPLebl7c3WH+I1OCTrprhoBAxVUQ=="
    }
  },
  "dependencies": {
    "lite-utils": {
      "version": "0.0.1",
      "resolved": "https://registry.npmjs.org/lite-utils/-/lite-utils-0.0.1.tgz",
      "integrity": "sha512-6Sa6gpcj5ZNL3jqUGUf+b5v6HDvLdgefl6uky5ew5W0P5Sj+VlxkSF9uYzzPLebl7c3WH+I1OCTrprhoBAxVUQ=="
    }
  }
}
